
Microsoft Visual Studio Solution File, Format Version 12.00
# Visual Studio Version 17
VisualStudioVersion = 17.10.35122.118
MinimumVisualStudioVersion = 10.0.40219.1
Project("{FAE04EC0-301F-11D3-BF4B-00C04F79EFBC}") = "SnippetManager", "SnippetManager\SnippetManager.csproj", "{BE856E6E-87D1-46A0-B13E-51B1F28DAC41}"
EndProject
Global
	GlobalSection(SolutionConfigurationPlatforms) = preSolution
		Debug|Any CPU = Debug|Any CPU
		Release|Any CPU = Release|Any CPU
	EndGlobalSection
	GlobalSection(ProjectConfigurationPlatforms) = postSolution
		{BE856E6E-87D1-46A0-B13E-51B1F28DAC41}.Debug|Any CPU.ActiveCfg = Debug|Any CPU
		{BE856E6E-87D1-46A0-B13E-51B1F28DAC41}.Debug|Any CPU.Build.0 = Debug|Any CPU
		{BE856E6E-87D1-46A0-B13E-51B1F28DAC41}.Release|Any CPU.ActiveCfg = Release|Any CPU
		{BE856E6E-87D1-46A0-B13E-51B1F28DAC41}.Release|Any CPU.Build.0 = Release|Any CPU
	EndGlobalSection
	GlobalSection(SolutionProperties) = preSolution
		HideSolutionNode = FALSE
	EndGlobalSection
	GlobalSection(ExtensibilityGlobals) = postSolution
		SolutionGuid = {060825CB-E166-42DC-B97A-8D568F3B381A}
	EndGlobalSection
EndGlobal
